
Microsoft Visual Studio Solution File, Format Version 12.00
# Visual Studio Version 17
VisualStudioVersion = 17.2.32616.157
MinimumVisualStudioVersion = 10.0.40219.1
Project("{FAE04EC0-301F-11D3-BF4B-00C04F79EFBC}") = "WebApplication2", "WebApplication2\WebApplication2.csproj", "{1883E8F2-5477-42B3-A086-47F1602BA3ED}"
EndProject
Global
	GlobalSection(SolutionConfigurationPlatforms) = preSolution
		Debug|Any CPU = Debug|Any CPU
		Release|Any CPU = Release|Any CPU
	EndGlobalSection
	GlobalSection(ProjectConfigurationPlatforms) = postSolution
		{1883E8F2-5477-42B3-A086-47F1602BA3ED}.Debug|Any CPU.ActiveCfg = Debug|Any CPU
		{1883E8F2-5477-42B3-A086-47F1602BA3ED}.Debug|Any CPU.Build.0 = Debug|Any CPU
		{1883E8F2-5477-42B3-A086-47F1602BA3ED}.Release|Any CPU.ActiveCfg = Release|Any CPU
		{1883E8F2-5477-42B3-A086-47F1602BA3ED}.Release|Any CPU.Build.0 = Release|Any CPU
	EndGlobalSection
	GlobalSection(SolutionProperties) = preSolution
		HideSolutionNode = FALSE
	EndGlobalSection
	GlobalSection(ExtensibilityGlobals) = postSolution
		SolutionGuid = {296033C6-8DC7-4CA5-9D00-F4D5095D4144}
	EndGlobalSection
EndGlobal
